{
  "name": "cmdmod",
  "version": "1.0.0",
  "lockfileVersion": 1,
  "requires": true,
  "dependencies": {
    "@types/node": {
      "version": "11.11.3",
      "resolved": "https://registry.npmjs.org/@types/node/-/node-11.11.3.tgz",
      "integrity": "sha512-wp6IOGu1lxsfnrD+5mX6qwSwWuqsdkKKxTN4aQc4wByHAKZJf9/D4KXPQ1POUjEbnCP5LMggB0OEFNY9OTsMqg==",
      "dev": true
    },
    "@types/nodular": {
      "version": "file:../@types/nodular",
      "dev": true
    },
    "commander": {
      "version": "2.19.0",
      "resolved": "https://registry.npmjs.org/commander/-/commander-2.19.0.tgz",
      "integrity": "sha512-6tvAOO+D6OENvRAh524Dh9jcfKTYDQAqvqezbCW82xj5X0pSrcpxtvRKHLG0yBY6SD7PSDrJaj+0AiOcKVd1Xg=="
    },
    "nodular": {
      "version": "file:../nodular",
      "requires": {
        "reflect-metadata": "0.1.12"
      },
      "dependencies": {
        "reflect-metadata": {
          "version": "0.1.12",
          "bundled": true
        }
      }
    },
    "reflect-metadata": {
      "version": "0.1.13",
      "resolved": "https://registry.npmjs.org/reflect-metadata/-/reflect-metadata-0.1.13.tgz",
      "integrity": "sha512-Ts1Y/anZELhSsjMcU605fU9RE4Oi3p5ORujwbIKXfWa+0Zxs510Qrmrce5/Jowq3cHSZSJqBjypxmHarc+vEWg=="
    }
  }
}
