{
  "name": "chat",
  "version": "1.0.0",
  "lockfileVersion": 1,
  "requires": true,
  "dependencies": {
    "@types/nodular": {
      "version": "file:../../@types/nodular",
      "dev": true
    },
    "@types/nodular-server": {
      "version": "file:../../@types/nodular-server",
      "dev": true
    }
  }
}
